// !$*UTF8*$!
{
	archiveVersion = 1;
	classes = {
	};
	objectVersion = 48;
	objects = {

/* Begin PBXBuildFile section */
		1216A7171FE12DFA003FB922 /* Atom.swift in Sources */ = {isa = PBXBuildFile; fileRef = 1216A7161FE12DFA003FB922 /* Atom.swift */; };
		1240F6221FDE739500468E03 /* DetailsViewController.swift in Sources */ = {isa = PBXBuildFile; fileRef = 1240F6211FDE739500468E03 /* DetailsViewController.swift */; };
		1240F6241FDEAF0100468E03 /* LigandTableViewCell.swift in Sources */ = {isa = PBXBuildFile; fileRef = 1240F6231FDEAF0100468E03 /* LigandTableViewCell.swift */; };
		1240F6261FDED7CB00468E03 /* Assets.xcassets in Resources */ = {isa = PBXBuildFile; fileRef = 1240F6251FDED7CB00468E03 /* Assets.xcassets */; };
		1266881B1FDD32AD00B9DF51 /* AppDelegate.swift in Sources */ = {isa = PBXBuildFile; fileRef = 1266881A1FDD32AD00B9DF51 /* AppDelegate.swift */; };
		126688251FDD32AE00B9DF51 /* LaunchScreen.storyboard in Resources */ = {isa = PBXBuildFile; fileRef = 126688231FDD32AE00B9DF51 /* LaunchScreen.storyboard */; };
		1266882D1FDD355B00B9DF51 /* LoginViewController.swift in Sources */ = {isa = PBXBuildFile; fileRef = 1266882C1FDD355B00B9DF51 /* LoginViewController.swift */; };
		1266882F1FDD4C1E00B9DF51 /* TableViewController.swift in Sources */ = {isa = PBXBuildFile; fileRef = 1266882E1FDD4C1E00B9DF51 /* TableViewController.swift */; };
		126688301FDD5ACB00B9DF51 /* Info.plist in Resources */ = {isa = PBXBuildFile; fileRef = 126688261FDD32AE00B9DF51 /* Info.plist */; };
		126688331FDD5B0A00B9DF51 /* Main.storyboard in Resources */ = {isa = PBXBuildFile; fileRef = 126688311FDD5B0A00B9DF51 /* Main.storyboard */; };
		126688371FDD70E300B9DF51 /* Ligand.swift in Sources */ = {isa = PBXBuildFile; fileRef = 126688361FDD70E300B9DF51 /* Ligand.swift */; };
		A727DC4D1FE271BE00CE6A8F /* ligands.txt in Resources */ = {isa = PBXBuildFile; fileRef = A727DC4C1FE271BE00CE6A8F /* ligands.txt */; };
		A727DC4F1FE2B61100CE6A8F /* SharingController.swift in Sources */ = {isa = PBXBuildFile; fileRef = A727DC4E1FE2B61100CE6A8F /* SharingController.swift */; };
/* End PBXBuildFile section */

/* Begin PBXFileReference section */
		1216A7161FE12DFA003FB922 /* Atom.swift */ = {isa = PBXFileReference; lastKnownFileType = sourcecode.swift; path = Atom.swift; sourceTree = "<group>"; };
		1240F6211FDE739500468E03 /* DetailsViewController.swift */ = {isa = PBXFileReference; lastKnownFileType = sourcecode.swift; path = DetailsViewController.swift; sourceTree = "<group>"; };
		1240F6231FDEAF0100468E03 /* LigandTableViewCell.swift */ = {isa = PBXFileReference; lastKnownFileType = sourcecode.swift; path = LigandTableViewCell.swift; sourceTree = "<group>"; };
		1240F6251FDED7CB00468E03 /* Assets.xcassets */ = {isa = PBXFileReference; lastKnownFileType = folder.assetcatalog; path = Assets.xcassets; sourceTree = "<group>"; };
		126688171FDD32AD00B9DF51 /* Protein.app */ = {isa = PBXFileReference; explicitFileType = wrapper.application; includeInIndex = 0; path = Protein.app; sourceTree = BUILT_PRODUCTS_DIR; };
		1266881A1FDD32AD00B9DF51 /* AppDelegate.swift */ = {isa = PBXFileReference; lastKnownFileType = sourcecode.swift; path = AppDelegate.swift; sourceTree = "<group>"; };
		126688241FDD32AE00B9DF51 /* Base */ = {isa = PBXFileReference; lastKnownFileType = file.storyboard; name = Base; path = Base.lproj/LaunchScreen.storyboard; sourceTree = "<group>"; };
		126688261FDD32AE00B9DF51 /* Info.plist */ = {isa = PBXFileReference; fileEncoding = 4; lastKnownFileType = text.plist.xml; path = Info.plist; sourceTree = "<group>"; };
		1266882C1FDD355B00B9DF51 /* LoginViewController.swift */ = {isa = PBXFileReference; lastKnownFileType = sourcecode.swift; path = LoginViewController.swift; sourceTree = "<group>"; };
		1266882E1FDD4C1E00B9DF51 /* TableViewController.swift */ = {isa = PBXFileReference; lastKnownFileType = sourcecode.swift; path = TableViewController.swift; sourceTree = "<group>"; };
		126688321FDD5B0A00B9DF51 /* Base */ = {isa = PBXFileReference; lastKnownFileType = file.storyboard; name = Base; path = Base.lproj/Main.storyboard; sourceTree = "<group>"; };
		126688361FDD70E300B9DF51 /* Ligand.swift */ = {isa = PBXFileReference; lastKnownFileType = sourcecode.swift; path = Ligand.swift; sourceTree = "<group>"; };
		A727DC4C1FE271BE00CE6A8F /* ligands.txt */ = {isa = PBXFileReference; fileEncoding = 4; lastKnownFileType = text; path = ligands.txt; sourceTree = "<group>"; };
		A727DC4E1FE2B61100CE6A8F /* SharingController.swift */ = {isa = PBXFileReference; lastKnownFileType = sourcecode.swift; path = SharingController.swift; sourceTree = "<group>"; };
/* End PBXFileReference section */

/* Begin PBXFrameworksBuildPhase section */
		126688141FDD32AD00B9DF51 /* Frameworks */ = {
			isa = PBXFrameworksBuildPhase;
			buildActionMask = 2147483647;
			files = (
			);
			runOnlyForDeploymentPostprocessing = 0;
		};
/* End PBXFrameworksBuildPhase section */

/* Begin PBXGroup section */
		1266880E1FDD32AD00B9DF51 = {
			isa = PBXGroup;
			children = (
				126688191FDD32AD00B9DF51 /* Protein */,
				126688181FDD32AD00B9DF51 /* Products */,
			);
			sourceTree = "<group>";
		};
		126688181FDD32AD00B9DF51 /* Products */ = {
			isa = PBXGroup;
			children = (
				126688171FDD32AD00B9DF51 /* Protein.app */,
			);
			name = Products;
			sourceTree = "<group>";
		};
		126688191FDD32AD00B9DF51 /* Protein */ = {
			isa = PBXGroup;
			children = (
				126688311FDD5B0A00B9DF51 /* Main.storyboard */,
				1266882C1FDD355B00B9DF51 /* LoginViewController.swift */,
				1266882E1FDD4C1E00B9DF51 /* TableViewController.swift */,
				1240F6231FDEAF0100468E03 /* LigandTableViewCell.swift */,
				1240F6211FDE739500468E03 /* DetailsViewController.swift */,
				1240F6251FDED7CB00468E03 /* Assets.xcassets */,
				126688361FDD70E300B9DF51 /* Ligand.swift */,
				1216A7161FE12DFA003FB922 /* Atom.swift */,
				A727DC4C1FE271BE00CE6A8F /* ligands.txt */,
				1266881A1FDD32AD00B9DF51 /* AppDelegate.swift */,
				126688231FDD32AE00B9DF51 /* LaunchScreen.storyboard */,
				126688261FDD32AE00B9DF51 /* Info.plist */,
				A727DC4E1FE2B61100CE6A8F /* SharingController.swift */,
			);
			path = Protein;
			sourceTree = "<group>";
		};
/* End PBXGroup section */

/* Begin PBXNativeTarget section */
		126688161FDD32AD00B9DF51 /* Protein */ = {
			isa = PBXNativeTarget;
			buildConfigurationList = 126688291FDD32AE00B9DF51 /* Build configuration list for PBXNativeTarget "Protein" */;
			buildPhases = (
				126688131FDD32AD00B9DF51 /* Sources */,
				126688141FDD32AD00B9DF51 /* Frameworks */,
				126688151FDD32AD00B9DF51 /* Resources */,
			);
			buildRules = (
			);
			dependencies = (
			);
			name = Protein;
			productName = Protein;
			productReference = 126688171FDD32AD00B9DF51 /* Protein.app */;
			productType = "com.apple.product-type.application";
		};
/* End PBXNativeTarget section */

/* Begin PBXProject section */
		1266880F1FDD32AD00B9DF51 /* Project object */ = {
			isa = PBXProject;
			attributes = {
				LastSwiftUpdateCheck = 0910;
				LastUpgradeCheck = 0910;
				ORGANIZATIONNAME = "Antoine LEBLANC";
				TargetAttributes = {
					126688161FDD32AD00B9DF51 = {
						CreatedOnToolsVersion = 9.1;
						ProvisioningStyle = Automatic;
					};
				};
			};
			buildConfigurationList = 126688121FDD32AD00B9DF51 /* Build configuration list for PBXProject "Protein" */;
			compatibilityVersion = "Xcode 8.0";
			developmentRegion = en;
			hasScannedForEncodings = 0;
			knownRegions = (
				en,
				Base,
			);
			mainGroup = 1266880E1FDD32AD00B9DF51;
			productRefGroup = 126688181FDD32AD00B9DF51 /* Products */;
			projectDirPath = "";
			projectRoot = "";
			targets = (
				126688161FDD32AD00B9DF51 /* Protein */,
			);
		};
/* End PBXProject section */

/* Begin PBXResourcesBuildPhase section */
		126688151FDD32AD00B9DF51 /* Resources */ = {
			isa = PBXResourcesBuildPhase;
			buildActionMask = 2147483647;
			files = (
				126688251FDD32AE00B9DF51 /* LaunchScreen.storyboard in Resources */,
				A727DC4D1FE271BE00CE6A8F /* ligands.txt in Resources */,
				126688301FDD5ACB00B9DF51 /* Info.plist in Resources */,
				126688331FDD5B0A00B9DF51 /* Main.storyboard in Resources */,
				1240F6261FDED7CB00468E03 /* Assets.xcassets in Resources */,
			);
			runOnlyForDeploymentPostprocessing = 0;
		};
/* End PBXResourcesBuildPhase section */

/* Begin PBXSourcesBuildPhase section */
		126688131FDD32AD00B9DF51 /* Sources */ = {
			isa = PBXSourcesBuildPhase;
			buildActionMask = 2147483647;
			files = (
				1240F6241FDEAF0100468E03 /* LigandTableViewCell.swift in Sources */,
				1266882D1FDD355B00B9DF51 /* LoginViewController.swift in Sources */,
				A727DC4F1FE2B61100CE6A8F /* SharingController.swift in Sources */,
				1266882F1FDD4C1E00B9DF51 /* TableViewController.swift in Sources */,
				126688371FDD70E300B9DF51 /* Ligand.swift in Sources */,
				1266881B1FDD32AD00B9DF51 /* AppDelegate.swift in Sources */,
				1216A7171FE12DFA003FB922 /* Atom.swift in Sources */,
				1240F6221FDE739500468E03 /* DetailsViewController.swift in Sources */,
			);
			runOnlyForDeploymentPostprocessing = 0;
		};
/* End PBXSourcesBuildPhase section */

/* Begin PBXVariantGroup section */
		126688231FDD32AE00B9DF51 /* LaunchScreen.storyboard */ = {
			isa = PBXVariantGroup;
			children = (
				126688241FDD32AE00B9DF51 /* Base */,
			);
			name = LaunchScreen.storyboard;
			sourceTree = "<group>";
		};
		126688311FDD5B0A00B9DF51 /* Main.storyboard */ = {
			isa = PBXVariantGroup;
			children = (
				126688321FDD5B0A00B9DF51 /* Base */,
			);
			name = Main.storyboard;
			sourceTree = "<group>";
		};
/* End PBXVariantGroup section */

/* Begin XCBuildConfiguration section */
		126688271FDD32AE00B9DF51 /* Debug */ = {
			isa = XCBuildConfiguration;
			buildSettings = {
				ALWAYS_SEARCH_USER_PATHS = NO;
				CLANG_ANALYZER_NONNULL = YES;
				CLANG_ANALYZER_NUMBER_OBJECT_CONVERSION = YES_AGGRESSIVE;
				CLANG_CXX_LANGUAGE_STANDARD = "gnu++14";
				CLANG_CXX_LIBRARY = "libc++";
				CLANG_ENABLE_MODULES = YES;
				CLANG_ENABLE_OBJC_ARC = YES;
				CLANG_WARN_BLOCK_CAPTURE_AUTORELEASING = YES;
				CLANG_WARN_BOOL_CONVERSION = YES;
				CLANG_WARN_COMMA = YES;
				CLANG_WARN_CONSTANT_CONVERSION = YES;
				CLANG_WARN_DIRECT_OBJC_ISA_USAGE = YES_ERROR;
				CLANG_WARN_DOCUMENTATION_COMMENTS = YES;
				CLANG_WARN_EMPTY_BODY = YES;
				CLANG_WARN_ENUM_CONVERSION = YES;
				CLANG_WARN_INFINITE_RECURSION = YES;
				CLANG_WARN_INT_CONVERSION = YES;
				CLANG_WARN_NON_LITERAL_NULL_CONVERSION = YES;
				CLANG_WARN_OBJC_LITERAL_CONVERSION = YES;
				CLANG_WARN_OBJC_ROOT_CLASS = YES_ERROR;
				CLANG_WARN_RANGE_LOOP_ANALYSIS = YES;
				CLANG_WARN_STRICT_PROTOTYPES = YES;
				CLANG_WARN_SUSPICIOUS_MOVE = YES;
				CLANG_WARN_UNGUARDED_AVAILABILITY = YES_AGGRESSIVE;
				CLANG_WARN_UNREACHABLE_CODE = YES;
				CLANG_WARN__DUPLICATE_METHOD_MATCH = YES;
				CODE_SIGN_IDENTITY = "iPhone Developer";
				COPY_PHASE_STRIP = NO;
				DEBUG_INFORMATION_FORMAT = dwarf;
				ENABLE_STRICT_OBJC_MSGSEND = YES;
				ENABLE_TESTABILITY = YES;
				GCC_C_LANGUAGE_STANDARD = gnu11;
				GCC_DYNAMIC_NO_PIC = NO;
				GCC_NO_COMMON_BLOCKS = YES;
				GCC_OPTIMIZATION_LEVEL = 0;
				GCC_PREPROCESSOR_DEFINITIONS = (
					"DEBUG=1",
					"$(inherited)",
				);
				GCC_WARN_64_TO_32_BIT_CONVERSION = YES;
				GCC_WARN_ABOUT_RETURN_TYPE = YES_ERROR;
				GCC_WARN_UNDECLARED_SELECTOR = YES;
				GCC_WARN_UNINITIALIZED_AUTOS = YES_AGGRESSIVE;
				GCC_WARN_UNUSED_FUNCTION = YES;
				GCC_WARN_UNUSED_VARIABLE = YES;
				IPHONEOS_DEPLOYMENT_TARGET = 11.1;
				MTL_ENABLE_DEBUG_INFO = YES;
				ONLY_ACTIVE_ARCH = YES;
				SDKROOT = iphoneos;
				SWIFT_ACTIVE_COMPILATION_CONDITIONS = DEBUG;
				SWIFT_OPTIMIZATION_LEVEL = "-Onone";
			};
			name = Debug;
		};
		126688281FDD32AE00B9DF51 /* Release */ = {
			isa = XCBuildConfiguration;
			buildSettings = {
				ALWAYS_SEARCH_USER_PATHS = NO;
				CLANG_ANALYZER_NONNULL = YES;
				CLANG_ANALYZER_NUMBER_OBJECT_CONVERSION = YES_AGGRESSIVE;
				CLANG_CXX_LANGUAGE_STANDARD = "gnu++14";
				CLANG_CXX_LIBRARY = "libc++";
				CLANG_ENABLE_MODULES = YES;
				CLANG_ENABLE_OBJC_ARC = YES;
				CLANG_WARN_BLOCK_CAPTURE_AUTORELEASING = YES;
				CLANG_WARN_BOOL_CONVERSION = YES;
				CLANG_WARN_COMMA = YES;
				CLANG_WARN_CONSTANT_CONVERSION = YES;
				CLANG_WARN_DIRECT_OBJC_ISA_USAGE = YES_ERROR;
				CLANG_WARN_DOCUMENTATION_COMMENTS = YES;
				CLANG_WARN_EMPTY_BODY = YES;
				CLANG_WARN_ENUM_CONVERSION = YES;
				CLANG_WARN_INFINITE_RECURSION = YES;
				CLANG_WARN_INT_CONVERSION = YES;
				CLANG_WARN_NON_LITERAL_NULL_CONVERSION = YES;
				CLANG_WARN_OBJC_LITERAL_CONVERSION = YES;
				CLANG_WARN_OBJC_ROOT_CLASS = YES_ERROR;
				CLANG_WARN_RANGE_LOOP_ANALYSIS = YES;
				CLANG_WARN_STRICT_PROTOTYPES = YES;
				CLANG_WARN_SUSPICIOUS_MOVE = YES;
				CLANG_WARN_UNGUARDED_AVAILABILITY = YES_AGGRESSIVE;
				CLANG_WARN_UNREACHABLE_CODE = YES;
				CLANG_WARN__DUPLICATE_METHOD_MATCH = YES;
				CODE_SIGN_IDENTITY = "iPhone Developer";
				COPY_PHASE_STRIP = NO;
				DEBUG_INFORMATION_FORMAT = "dwarf-with-dsym";
				ENABLE_NS_ASSERTIONS = NO;
				ENABLE_STRICT_OBJC_MSGSEND = YES;
				GCC_C_LANGUAGE_STANDARD = gnu11;
				GCC_NO_COMMON_BLOCKS = YES;
				GCC_WARN_64_TO_32_BIT_CONVERSION = YES;
				GCC_WARN_ABOUT_RETURN_TYPE = YES_ERROR;
				GCC_WARN_UNDECLARED_SELECTOR = YES;
				GCC_WARN_UNINITIALIZED_AUTOS = YES_AGGRESSIVE;
				GCC_WARN_UNUSED_FUNCTION = YES;
				GCC_WARN_UNUSED_VARIABLE = YES;
				IPHONEOS_DEPLOYMENT_TARGET = 11.1;
				MTL_ENABLE_DEBUG_INFO = NO;
				SDKROOT = iphoneos;
				SWIFT_OPTIMIZATION_LEVEL = "-Owholemodule";
				VALIDATE_PRODUCT = YES;
			};
			name = Release;
		};
		1266882A1FDD32AE00B9DF51 /* Debug */ = {
			isa = XCBuildConfiguration;
			buildSettings = {
				ASSETCATALOG_COMPILER_APPICON_NAME = AppIcon;
				CODE_SIGN_STYLE = Automatic;
				DEVELOPMENT_TEAM = 5Y2G223U69;
				INFOPLIST_FILE = Protein/Info.plist;
				LD_RUNPATH_SEARCH_PATHS = "$(inherited) @executable_path/Frameworks";
				PRODUCT_BUNDLE_IDENTIFIER = Antoine.Protein;
				PRODUCT_NAME = "$(TARGET_NAME)";
				SWIFT_VERSION = 4.0;
				TARGETED_DEVICE_FAMILY = "1,2";
			};
			name = Debug;
		};
		1266882B1FDD32AE00B9DF51 /* Release */ = {
			isa = XCBuildConfiguration;
			buildSettings = {
				ASSETCATALOG_COMPILER_APPICON_NAME = AppIcon;
				CODE_SIGN_STYLE = Automatic;
				DEVELOPMENT_TEAM = 5Y2G223U69;
				INFOPLIST_FILE = Protein/Info.plist;
				LD_RUNPATH_SEARCH_PATHS = "$(inherited) @executable_path/Frameworks";
				PRODUCT_BUNDLE_IDENTIFIER = Antoine.Protein;
				PRODUCT_NAME = "$(TARGET_NAME)";
				SWIFT_VERSION = 4.0;
				TARGETED_DEVICE_FAMILY = "1,2";
			};
			name = Release;
		};
/* End XCBuildConfiguration section */

/* Begin XCConfigurationList section */
		126688121FDD32AD00B9DF51 /* Build configuration list for PBXProject "Protein" */ = {
			isa = XCConfigurationList;
			buildConfigurations = (
				126688271FDD32AE00B9DF51 /* Debug */,
				126688281FDD32AE00B9DF51 /* Release */,
			);
			defaultConfigurationIsVisible = 0;
			defaultConfigurationName = Release;
		};
		126688291FDD32AE00B9DF51 /* Build configuration list for PBXNativeTarget "Protein" */ = {
			isa = XCConfigurationList;
			buildConfigurations = (
				1266882A1FDD32AE00B9DF51 /* Debug */,
				1266882B1FDD32AE00B9DF51 /* Release */,
			);
			defaultConfigurationIsVisible = 0;
			defaultConfigurationName = Release;
		};
/* End XCConfigurationList section */
	};
	rootObject = 1266880F1FDD32AD00B9DF51 /* Project object */;
}
